{
  "version": "5",
  "specifiers": {
    "npm:bcryptjs@3.0.3": "3.0.3",
    "npm:zod@4.5.4": "4.5.4"
  },
  "npm": {
    "bcryptjs@3.0.3": {
      "integrity": "sha512-GlF5wPWnSa/X5LKM1o0wz0suXIINz1iHRLvTS+sLyi7XPbe5ycmYI3DlZqVGZZtDgl4DmasFg7gOB3JYbphV5g==",
      "bin": true,
      "tarball": "https://registry.npmjs.org/bcryptjs/-/bcryptjs-3.0.3.tgz"
    },
    "zod@4.5.4": {
      "integrity": "sha512-sC95tT5iHHH9gtpj6A81kh+NEaRAUFN+qlUPDUbRfOMvNf5QCBqsb3WgvnpVtK5Y+4UfA6KqufotuTvMGiTlsA==",
      "tarball": "https://registry.npmjs.org/zod/-/zod-4.5.4.tgz"
    }
  },
  "workspace": {
    "dependencies": [
      "npm:bcryptjs@3.0.3",
      "npm:zod@4.5.4"
    ]
  }
}
